{
  "name": "md-blogger",
  "version": "1.0.0",
  "lockfileVersion": 1,
  "requires": true,
  "dependencies": {
    "highlight.js": {
      "version": "10.4.1",
      "resolved": "https://registry.npmjs.org/highlight.js/-/highlight.js-10.4.1.tgz",
      "integrity": "sha512-yR5lWvNz7c85OhVAEAeFhVCc/GV4C30Fjzc/rCP0aCWzc1UUOPUk55dK/qdwTZHBvMZo+eZ2jpk62ndX/xMFlg=="
    },
    "marked": {
      "version": "0.6.2",
      "resolved": "https://registry.npmjs.org/marked/-/marked-0.6.2.tgz",
      "integrity": "sha512-LqxwVH3P/rqKX4EKGz7+c2G9r98WeM/SW34ybhgNGhUQNKtf1GmmSkJ6cDGJ/t6tiyae49qRkpyTw2B9HOrgUA=="
    }
  }
}
